
Microsoft Visual Studio Solution File, Format Version 12.00
# Visual Studio Version 17
VisualStudioVersion = 17.7.34221.43
MinimumVisualStudioVersion = 10.0.40219.1
Project("{8BC9CEB8-8B4A-11D0-8D11-00A0C91BC942}") = "Exam", "Exam\Exam.vcxproj", "{775B3348-D662-48F5-A690-9407BBF4BDF1}"
EndProject
Global
	GlobalSection(SolutionConfigurationPlatforms) = preSolution
		Debug|x64 = Debug|x64
		Debug|x86 = Debug|x86
		Release|x64 = Release|x64
		Release|x86 = Release|x86
	EndGlobalSection
	GlobalSection(ProjectConfigurationPlatforms) = postSolution
		{775B3348-D662-48F5-A690-9407BBF4BDF1}.Debug|x64.ActiveCfg = Debug|x64
		{775B3348-D662-48F5-A690-9407BBF4BDF1}.Debug|x64.Build.0 = Debug|x64
		{775B3348-D662-48F5-A690-9407BBF4BDF1}.Debug|x86.ActiveCfg = Debug|Win32
		{775B3348-D662-48F5-A690-9407BBF4BDF1}.Debug|x86.Build.0 = Debug|Win32
		{775B3348-D662-48F5-A690-9407BBF4BDF1}.Release|x64.ActiveCfg = Release|x64
		{775B3348-D662-48F5-A690-9407BBF4BDF1}.Release|x64.Build.0 = Release|x64
		{775B3348-D662-48F5-A690-9407BBF4BDF1}.Release|x86.ActiveCfg = Release|Win32
		{775B3348-D662-48F5-A690-9407BBF4BDF1}.Release|x86.Build.0 = Release|Win32
	EndGlobalSection
	GlobalSection(SolutionProperties) = preSolution
		HideSolutionNode = FALSE
	EndGlobalSection
	GlobalSection(ExtensibilityGlobals) = postSolution
		SolutionGuid = {6488CAF1-8BC7-49AF-B406-BB66115C718A}
	EndGlobalSection
EndGlobal
